// !$*UTF8*$!
{
	archiveVersion = 1;
	classes = {
	};
	objectVersion = 55;
	objects = {

/* Begin PBXBuildFile section */
		3BC78D51D07AB66DB82652A0 /* Pods_BeeJSONDemoTests.framework in Frameworks */ = {isa = PBXBuildFile; fileRef = D752A19FC32F7D9861B34EDE /* Pods_BeeJSONDemoTests.framework */; };
		80301F402850430300EE2700 /* JSONSerialization.swift in Sources */ = {isa = PBXBuildFile; fileRef = 80301F3F2850430300EE2700 /* JSONSerialization.swift */; };
		8048DD2527E866E600C22E1B /* AppDelegate.swift in Sources */ = {isa = PBXBuildFile; fileRef = 8048DD2427E866E600C22E1B /* AppDelegate.swift */; };
		8048DD2927E866E600C22E1B /* ViewController.swift in Sources */ = {isa = PBXBuildFile; fileRef = 8048DD2827E866E600C22E1B /* ViewController.swift */; };
		8048DD2E27E866E900C22E1B /* Assets.xcassets in Resources */ = {isa = PBXBuildFile; fileRef = 8048DD2D27E866E900C22E1B /* Assets.xcassets */; };
		8048DD3127E866E900C22E1B /* LaunchScreen.storyboard in Resources */ = {isa = PBXBuildFile; fileRef = 8048DD2F27E866E900C22E1B /* LaunchScreen.storyboard */; };
		8048DD5827E86A6900C22E1B /* BeeJSONTests.swift in Sources */ = {isa = PBXBuildFile; fileRef = 8048DD5727E86A6900C22E1B /* BeeJSONTests.swift */; };
		86BA1518FDDFA51A44EFF5E9 /* Pods_BeeJSONDemo.framework in Frameworks */ = {isa = PBXBuildFile; fileRef = 49ACD47D0461EC4E91288303 /* Pods_BeeJSONDemo.framework */; };
/* End PBXBuildFile section */

/* Begin PBXContainerItemProxy section */
		8048DD5027E8697100C22E1B /* PBXContainerItemProxy */ = {
			isa = PBXContainerItemProxy;
			containerPortal = 8048DCE027E865A300C22E1B /* Project object */;
			proxyType = 1;
			remoteGlobalIDString = 8048DD2127E866E600C22E1B;
			remoteInfo = BeeJSONDemo;
		};
/* End PBXContainerItemProxy section */

/* Begin PBXCopyFilesBuildPhase section */
		80DE3C5328473C5400230A1A /* Embed Frameworks */ = {
			isa = PBXCopyFilesBuildPhase;
			buildActionMask = 2147483647;
			dstPath = "";
			dstSubfolderSpec = 10;
			files = (
			);
			name = "Embed Frameworks";
			runOnlyForDeploymentPostprocessing = 0;
		};
/* End PBXCopyFilesBuildPhase section */

/* Begin PBXFileReference section */
		49ACD47D0461EC4E91288303 /* Pods_BeeJSONDemo.framework */ = {isa = PBXFileReference; explicitFileType = wrapper.framework; includeInIndex = 0; path = Pods_BeeJSONDemo.framework; sourceTree = BUILT_PRODUCTS_DIR; };
		6CF4CF00A0EE95232D39B0D5 /* Pods-BeeJSONDemoTests.debug.xcconfig */ = {isa = PBXFileReference; includeInIndex = 1; lastKnownFileType = text.xcconfig; name = "Pods-BeeJSONDemoTests.debug.xcconfig"; path = "Target Support Files/Pods-BeeJSONDemoTests/Pods-BeeJSONDemoTests.debug.xcconfig"; sourceTree = "<group>"; };
		7776AF3174838688FAA8C709 /* Pods-BeeJSONDemoTests.release.xcconfig */ = {isa = PBXFileReference; includeInIndex = 1; lastKnownFileType = text.xcconfig; name = "Pods-BeeJSONDemoTests.release.xcconfig"; path = "Target Support Files/Pods-BeeJSONDemoTests/Pods-BeeJSONDemoTests.release.xcconfig"; sourceTree = "<group>"; };
		80301F3F2850430300EE2700 /* JSONSerialization.swift */ = {isa = PBXFileReference; lastKnownFileType = sourcecode.swift; path = JSONSerialization.swift; sourceTree = "<group>"; };
		8048DD2227E866E600C22E1B /* BeeJSONDemo.app */ = {isa = PBXFileReference; explicitFileType = wrapper.application; includeInIndex = 0; path = BeeJSONDemo.app; sourceTree = BUILT_PRODUCTS_DIR; };
		8048DD2427E866E600C22E1B /* AppDelegate.swift */ = {isa = PBXFileReference; lastKnownFileType = sourcecode.swift; path = AppDelegate.swift; sourceTree = "<group>"; };
		8048DD2827E866E600C22E1B /* ViewController.swift */ = {isa = PBXFileReference; lastKnownFileType = sourcecode.swift; path = ViewController.swift; sourceTree = "<group>"; };
		8048DD2D27E866E900C22E1B /* Assets.xcassets */ = {isa = PBXFileReference; lastKnownFileType = folder.assetcatalog; path = Assets.xcassets; sourceTree = "<group>"; };
		8048DD3027E866E900C22E1B /* Base */ = {isa = PBXFileReference; lastKnownFileType = file.storyboard; name = Base; path = Base.lproj/LaunchScreen.storyboard; sourceTree = "<group>"; };
		8048DD3227E866E900C22E1B /* Info.plist */ = {isa = PBXFileReference; lastKnownFileType = text.plist.xml; path = Info.plist; sourceTree = "<group>"; };
		8048DD4C27E8697100C22E1B /* BeeJSONDemoTests.xctest */ = {isa = PBXFileReference; explicitFileType = wrapper.cfbundle; includeInIndex = 0; path = BeeJSONDemoTests.xctest; sourceTree = BUILT_PRODUCTS_DIR; };
		8048DD5727E86A6900C22E1B /* BeeJSONTests.swift */ = {isa = PBXFileReference; lastKnownFileType = sourcecode.swift; path = BeeJSONTests.swift; sourceTree = "<group>"; };
		92A93A88EE142965525200FC /* Pods-BeeJSONDemo.debug.xcconfig */ = {isa = PBXFileReference; includeInIndex = 1; lastKnownFileType = text.xcconfig; name = "Pods-BeeJSONDemo.debug.xcconfig"; path = "Target Support Files/Pods-BeeJSONDemo/Pods-BeeJSONDemo.debug.xcconfig"; sourceTree = "<group>"; };
		98A58486D75B8B6616F41486 /* Pods-BeeJSONDemo.release.xcconfig */ = {isa = PBXFileReference; includeInIndex = 1; lastKnownFileType = text.xcconfig; name = "Pods-BeeJSONDemo.release.xcconfig"; path = "Target Support Files/Pods-BeeJSONDemo/Pods-BeeJSONDemo.release.xcconfig"; sourceTree = "<group>"; };
		D752A19FC32F7D9861B34EDE /* Pods_BeeJSONDemoTests.framework */ = {isa = PBXFileReference; explicitFileType = wrapper.framework; includeInIndex = 0; path = Pods_BeeJSONDemoTests.framework; sourceTree = BUILT_PRODUCTS_DIR; };
/* End PBXFileReference section */

/* Begin PBXFrameworksBuildPhase section */
		8048DD1F27E866E600C22E1B /* Frameworks */ = {
			isa = PBXFrameworksBuildPhase;
			buildActionMask = 2147483647;
			files = (
				86BA1518FDDFA51A44EFF5E9 /* Pods_BeeJSONDemo.framework in Frameworks */,
			);
			runOnlyForDeploymentPostprocessing = 0;
		};
		8048DD4927E8697100C22E1B /* Frameworks */ = {
			isa = PBXFrameworksBuildPhase;
			buildActionMask = 2147483647;
			files = (
				3BC78D51D07AB66DB82652A0 /* Pods_BeeJSONDemoTests.framework in Frameworks */,
			);
			runOnlyForDeploymentPostprocessing = 0;
		};
/* End PBXFrameworksBuildPhase section */

/* Begin PBXGroup section */
		07F4C8AC3BEE123C221212A4 /* Pods */ = {
			isa = PBXGroup;
			children = (
				92A93A88EE142965525200FC /* Pods-BeeJSONDemo.debug.xcconfig */,
				98A58486D75B8B6616F41486 /* Pods-BeeJSONDemo.release.xcconfig */,
				6CF4CF00A0EE95232D39B0D5 /* Pods-BeeJSONDemoTests.debug.xcconfig */,
				7776AF3174838688FAA8C709 /* Pods-BeeJSONDemoTests.release.xcconfig */,
			);
			path = Pods;
			sourceTree = "<group>";
		};
		8048DCDF27E865A300C22E1B = {
			isa = PBXGroup;
			children = (
				8048DD2327E866E600C22E1B /* BeeJSONDemo */,
				8048DD4D27E8697100C22E1B /* BeeJSONDemoTests */,
				8048DCEA27E865A300C22E1B /* Products */,
				8048DD5527E8698C00C22E1B /* Frameworks */,
				07F4C8AC3BEE123C221212A4 /* Pods */,
			);
			sourceTree = "<group>";
		};
		8048DCEA27E865A300C22E1B /* Products */ = {
			isa = PBXGroup;
			children = (
				8048DD2227E866E600C22E1B /* BeeJSONDemo.app */,
				8048DD4C27E8697100C22E1B /* BeeJSONDemoTests.xctest */,
			);
			name = Products;
			sourceTree = "<group>";
		};
		8048DD2327E866E600C22E1B /* BeeJSONDemo */ = {
			isa = PBXGroup;
			children = (
				8048DD2427E866E600C22E1B /* AppDelegate.swift */,
				8048DD2827E866E600C22E1B /* ViewController.swift */,
				8048DD2D27E866E900C22E1B /* Assets.xcassets */,
				8048DD2F27E866E900C22E1B /* LaunchScreen.storyboard */,
				8048DD3227E866E900C22E1B /* Info.plist */,
			);
			path = BeeJSONDemo;
			sourceTree = "<group>";
		};
		8048DD4D27E8697100C22E1B /* BeeJSONDemoTests */ = {
			isa = PBXGroup;
			children = (
				8048DD5727E86A6900C22E1B /* BeeJSONTests.swift */,
				80301F3F2850430300EE2700 /* JSONSerialization.swift */,
			);
			path = BeeJSONDemoTests;
			sourceTree = "<group>";
		};
		8048DD5527E8698C00C22E1B /* Frameworks */ = {
			isa = PBXGroup;
			children = (
				49ACD47D0461EC4E91288303 /* Pods_BeeJSONDemo.framework */,
				D752A19FC32F7D9861B34EDE /* Pods_BeeJSONDemoTests.framework */,
			);
			name = Frameworks;
			sourceTree = "<group>";
		};
/* End PBXGroup section */

/* Begin PBXNativeTarget section */
		8048DD2127E866E600C22E1B /* BeeJSONDemo */ = {
			isa = PBXNativeTarget;
			buildConfigurationList = 8048DD3327E866E900C22E1B /* Build configuration list for PBXNativeTarget "BeeJSONDemo" */;
			buildPhases = (
				E08E8011341793D14E0CDB5C /* [CP] Check Pods Manifest.lock */,
				8048DD1E27E866E600C22E1B /* Sources */,
				8048DD1F27E866E600C22E1B /* Frameworks */,
				8048DD2027E866E600C22E1B /* Resources */,
				80DE3C5328473C5400230A1A /* Embed Frameworks */,
				8CE77E1DAA1B2BA628B971CE /* [CP] Embed Pods Frameworks */,
			);
			buildRules = (
			);
			dependencies = (
			);
			name = BeeJSONDemo;
			productName = BeeJSONDemo;
			productReference = 8048DD2227E866E600C22E1B /* BeeJSONDemo.app */;
			productType = "com.apple.product-type.application";
		};
		8048DD4B27E8697100C22E1B /* BeeJSONDemoTests */ = {
			isa = PBXNativeTarget;
			buildConfigurationList = 8048DD5227E8697100C22E1B /* Build configuration list for PBXNativeTarget "BeeJSONDemoTests" */;
			buildPhases = (
				5ACEBF6A2B6984E5554C4E4F /* [CP] Check Pods Manifest.lock */,
				8048DD4827E8697100C22E1B /* Sources */,
				8048DD4927E8697100C22E1B /* Frameworks */,
				8048DD4A27E8697100C22E1B /* Resources */,
				4F962C0F012199005F3DE0CD /* [CP] Embed Pods Frameworks */,
			);
			buildRules = (
			);
			dependencies = (
				8048DD5127E8697100C22E1B /* PBXTargetDependency */,
			);
			name = BeeJSONDemoTests;
			productName = BeeJSONDemoTests;
			productReference = 8048DD4C27E8697100C22E1B /* BeeJSONDemoTests.xctest */;
			productType = "com.apple.product-type.bundle.unit-test";
		};
/* End PBXNativeTarget section */

/* Begin PBXProject section */
		8048DCE027E865A300C22E1B /* Project object */ = {
			isa = PBXProject;
			attributes = {
				BuildIndependentTargetsInParallel = 1;
				LastSwiftUpdateCheck = 1320;
				LastUpgradeCheck = 1320;
				TargetAttributes = {
					8048DD2127E866E600C22E1B = {
						CreatedOnToolsVersion = 13.2.1;
					};
					8048DD4B27E8697100C22E1B = {
						CreatedOnToolsVersion = 13.2.1;
						TestTargetID = 8048DD2127E866E600C22E1B;
					};
				};
			};
			buildConfigurationList = 8048DCE327E865A300C22E1B /* Build configuration list for PBXProject "BeeJSON" */;
			compatibilityVersion = "Xcode 13.0";
			developmentRegion = en;
			hasScannedForEncodings = 0;
			knownRegions = (
				en,
				Base,
			);
			mainGroup = 8048DCDF27E865A300C22E1B;
			productRefGroup = 8048DCEA27E865A300C22E1B /* Products */;
			projectDirPath = "";
			projectRoot = "";
			targets = (
				8048DD2127E866E600C22E1B /* BeeJSONDemo */,
				8048DD4B27E8697100C22E1B /* BeeJSONDemoTests */,
			);
		};
/* End PBXProject section */

/* Begin PBXResourcesBuildPhase section */
		8048DD2027E866E600C22E1B /* Resources */ = {
			isa = PBXResourcesBuildPhase;
			buildActionMask = 2147483647;
			files = (
				8048DD3127E866E900C22E1B /* LaunchScreen.storyboard in Resources */,
				8048DD2E27E866E900C22E1B /* Assets.xcassets in Resources */,
			);
			runOnlyForDeploymentPostprocessing = 0;
		};
		8048DD4A27E8697100C22E1B /* Resources */ = {
			isa = PBXResourcesBuildPhase;
			buildActionMask = 2147483647;
			files = (
			);
			runOnlyForDeploymentPostprocessing = 0;
		};
/* End PBXResourcesBuildPhase section */

/* Begin PBXShellScriptBuildPhase section */
		4F962C0F012199005F3DE0CD /* [CP] Embed Pods Frameworks */ = {
			isa = PBXShellScriptBuildPhase;
			buildActionMask = 2147483647;
			files = (
			);
			inputFileListPaths = (
				"${PODS_ROOT}/Target Support Files/Pods-BeeJSONDemoTests/Pods-BeeJSONDemoTests-frameworks-${CONFIGURATION}-input-files.xcfilelist",
			);
			name = "[CP] Embed Pods Frameworks";
			outputFileListPaths = (
				"${PODS_ROOT}/Target Support Files/Pods-BeeJSONDemoTests/Pods-BeeJSONDemoTests-frameworks-${CONFIGURATION}-output-files.xcfilelist",
			);
			runOnlyForDeploymentPostprocessing = 0;
			shellPath = /bin/sh;
			shellScript = "\"${PODS_ROOT}/Target Support Files/Pods-BeeJSONDemoTests/Pods-BeeJSONDemoTests-frameworks.sh\"\n";
			showEnvVarsInLog = 0;
		};
		5ACEBF6A2B6984E5554C4E4F /* [CP] Check Pods Manifest.lock */ = {
			isa = PBXShellScriptBuildPhase;
			buildActionMask = 2147483647;
			files = (
			);
			inputFileListPaths = (
			);
			inputPaths = (
				"${PODS_PODFILE_DIR_PATH}/Podfile.lock",
				"${PODS_ROOT}/Manifest.lock",
			);
			name = "[CP] Check Pods Manifest.lock";
			outputFileListPaths = (
			);
			outputPaths = (
				"$(DERIVED_FILE_DIR)/Pods-BeeJSONDemoTests-checkManifestLockResult.txt",
			);
			runOnlyForDeploymentPostprocessing = 0;
			shellPath = /bin/sh;
			shellScript = "diff \"${PODS_PODFILE_DIR_PATH}/Podfile.lock\" \"${PODS_ROOT}/Manifest.lock\" > /dev/null\nif [ $? != 0 ] ; then\n    # print error to STDERR\n    echo \"error: The sandbox is not in sync with the Podfile.lock. Run 'pod install' or update your CocoaPods installation.\" >&2\n    exit 1\nfi\n# This output is used by Xcode 'outputs' to avoid re-running this script phase.\necho \"SUCCESS\" > \"${SCRIPT_OUTPUT_FILE_0}\"\n";
			showEnvVarsInLog = 0;
		};
		8CE77E1DAA1B2BA628B971CE /* [CP] Embed Pods Frameworks */ = {
			isa = PBXShellScriptBuildPhase;
			buildActionMask = 2147483647;
			files = (
			);
			inputFileListPaths = (
				"${PODS_ROOT}/Target Support Files/Pods-BeeJSONDemo/Pods-BeeJSONDemo-frameworks-${CONFIGURATION}-input-files.xcfilelist",
			);
			name = "[CP] Embed Pods Frameworks";
			outputFileListPaths = (
				"${PODS_ROOT}/Target Support Files/Pods-BeeJSONDemo/Pods-BeeJSONDemo-frameworks-${CONFIGURATION}-output-files.xcfilelist",
			);
			runOnlyForDeploymentPostprocessing = 0;
			shellPath = /bin/sh;
			shellScript = "\"${PODS_ROOT}/Target Support Files/Pods-BeeJSONDemo/Pods-BeeJSONDemo-frameworks.sh\"\n";
			showEnvVarsInLog = 0;
		};
		E08E8011341793D14E0CDB5C /* [CP] Check Pods Manifest.lock */ = {
			isa = PBXShellScriptBuildPhase;
			buildActionMask = 2147483647;
			files = (
			);
			inputFileListPaths = (
			);
			inputPaths = (
				"${PODS_PODFILE_DIR_PATH}/Podfile.lock",
				"${PODS_ROOT}/Manifest.lock",
			);
			name = "[CP] Check Pods Manifest.lock";
			outputFileListPaths = (
			);
			outputPaths = (
				"$(DERIVED_FILE_DIR)/Pods-BeeJSONDemo-checkManifestLockResult.txt",
			);
			runOnlyForDeploymentPostprocessing = 0;
			shellPath = /bin/sh;
			shellScript = "diff \"${PODS_PODFILE_DIR_PATH}/Podfile.lock\" \"${PODS_ROOT}/Manifest.lock\" > /dev/null\nif [ $? != 0 ] ; then\n    # print error to STDERR\n    echo \"error: The sandbox is not in sync with the Podfile.lock. Run 'pod install' or update your CocoaPods installation.\" >&2\n    exit 1\nfi\n# This output is used by Xcode 'outputs' to avoid re-running this script phase.\necho \"SUCCESS\" > \"${SCRIPT_OUTPUT_FILE_0}\"\n";
			showEnvVarsInLog = 0;
		};
/* End PBXShellScriptBuildPhase section */

/* Begin PBXSourcesBuildPhase section */
		8048DD1E27E866E600C22E1B /* Sources */ = {
			isa = PBXSourcesBuildPhase;
			buildActionMask = 2147483647;
			files = (
				8048DD2927E866E600C22E1B /* ViewController.swift in Sources */,
				8048DD2527E866E600C22E1B /* AppDelegate.swift in Sources */,
			);
			runOnlyForDeploymentPostprocessing = 0;
		};
		8048DD4827E8697100C22E1B /* Sources */ = {
			isa = PBXSourcesBuildPhase;
			buildActionMask = 2147483647;
			files = (
				80301F402850430300EE2700 /* JSONSerialization.swift in Sources */,
				8048DD5827E86A6900C22E1B /* BeeJSONTests.swift in Sources */,
			);
			runOnlyForDeploymentPostprocessing = 0;
		};
/* End PBXSourcesBuildPhase section */

/* Begin PBXTargetDependency section */
		8048DD5127E8697100C22E1B /* PBXTargetDependency */ = {
			isa = PBXTargetDependency;
			target = 8048DD2127E866E600C22E1B /* BeeJSONDemo */;
			targetProxy = 8048DD5027E8697100C22E1B /* PBXContainerItemProxy */;
		};
/* End PBXTargetDependency section */

/* Begin PBXVariantGroup section */
		8048DD2F27E866E900C22E1B /* LaunchScreen.storyboard */ = {
			isa = PBXVariantGroup;
			children = (
				8048DD3027E866E900C22E1B /* Base */,
			);
			name = LaunchScreen.storyboard;
			sourceTree = "<group>";
		};
/* End PBXVariantGroup section */

/* Begin XCBuildConfiguration section */
		8048DCFB27E865A300C22E1B /* Debug */ = {
			isa = XCBuildConfiguration;
			buildSettings = {
				ALWAYS_SEARCH_USER_PATHS = NO;
				CLANG_ANALYZER_NONNULL = YES;
				CLANG_ANALYZER_NUMBER_OBJECT_CONVERSION = YES_AGGRESSIVE;
				CLANG_CXX_LANGUAGE_STANDARD = "gnu++17";
				CLANG_CXX_LIBRARY = "libc++";
				CLANG_ENABLE_MODULES = YES;
				CLANG_ENABLE_OBJC_ARC = YES;
				CLANG_ENABLE_OBJC_WEAK = YES;
				CLANG_WARN_BLOCK_CAPTURE_AUTORELEASING = YES;
				CLANG_WARN_BOOL_CONVERSION = YES;
				CLANG_WARN_COMMA = YES;
				CLANG_WARN_CONSTANT_CONVERSION = YES;
				CLANG_WARN_DEPRECATED_OBJC_IMPLEMENTATIONS = YES;
				CLANG_WARN_DIRECT_OBJC_ISA_USAGE = YES_ERROR;
				CLANG_WARN_DOCUMENTATION_COMMENTS = YES;
				CLANG_WARN_EMPTY_BODY = YES;
				CLANG_WARN_ENUM_CONVERSION = YES;
				CLANG_WARN_INFINITE_RECURSION = YES;
				CLANG_WARN_INT_CONVERSION = YES;
				CLANG_WARN_NON_LITERAL_NULL_CONVERSION = YES;
				CLANG_WARN_OBJC_IMPLICIT_RETAIN_SELF = YES;
				CLANG_WARN_OBJC_LITERAL_CONVERSION = YES;
				CLANG_WARN_OBJC_ROOT_CLASS = YES_ERROR;
				CLANG_WARN_QUOTED_INCLUDE_IN_FRAMEWORK_HEADER = YES;
				CLANG_WARN_RANGE_LOOP_ANALYSIS = YES;
				CLANG_WARN_STRICT_PROTOTYPES = YES;
				CLANG_WARN_SUSPICIOUS_MOVE = YES;
				CLANG_WARN_UNGUARDED_AVAILABILITY = YES_AGGRESSIVE;
				CLANG_WARN_UNREACHABLE_CODE = YES;
				CLANG_WARN__DUPLICATE_METHOD_MATCH = YES;
				COPY_PHASE_STRIP = NO;
				CURRENT_PROJECT_VERSION = 1;
				DEBUG_INFORMATION_FORMAT = dwarf;
				ENABLE_STRICT_OBJC_MSGSEND = YES;
				ENABLE_TESTABILITY = YES;
				GCC_C_LANGUAGE_STANDARD = gnu11;
				GCC_DYNAMIC_NO_PIC = NO;
				GCC_NO_COMMON_BLOCKS = YES;
				GCC_OPTIMIZATION_LEVEL = 0;
				GCC_PREPROCESSOR_DEFINITIONS = (
					"DEBUG=1",
					"$(inherited)",
				);
				GCC_WARN_64_TO_32_BIT_CONVERSION = YES;
				GCC_WARN_ABOUT_RETURN_TYPE = YES_ERROR;
				GCC_WARN_UNDECLARED_SELECTOR = YES;
				GCC_WARN_UNINITIALIZED_AUTOS = YES_AGGRESSIVE;
				GCC_WARN_UNUSED_FUNCTION = YES;
				GCC_WARN_UNUSED_VARIABLE = YES;
				IPHONEOS_DEPLOYMENT_TARGET = 9.0;
				MTL_ENABLE_DEBUG_INFO = INCLUDE_SOURCE;
				MTL_FAST_MATH = YES;
				ONLY_ACTIVE_ARCH = YES;
				SDKROOT = iphoneos;
				SWIFT_ACTIVE_COMPILATION_CONDITIONS = DEBUG;
				SWIFT_OPTIMIZATION_LEVEL = "-Onone";
				VERSIONING_SYSTEM = "apple-generic";
				VERSION_INFO_PREFIX = "";
			};
			name = Debug;
		};
		8048DCFC27E865A300C22E1B /* Release */ = {
			isa = XCBuildConfiguration;
			buildSettings = {
				ALWAYS_SEARCH_USER_PATHS = NO;
				CLANG_ANALYZER_NONNULL = YES;
				CLANG_ANALYZER_NUMBER_OBJECT_CONVERSION = YES_AGGRESSIVE;
				CLANG_CXX_LANGUAGE_STANDARD = "gnu++17";
				CLANG_CXX_LIBRARY = "libc++";
				CLANG_ENABLE_MODULES = YES;
				CLANG_ENABLE_OBJC_ARC = YES;
				CLANG_ENABLE_OBJC_WEAK = YES;
				CLANG_WARN_BLOCK_CAPTURE_AUTORELEASING = YES;
				CLANG_WARN_BOOL_CONVERSION = YES;
				CLANG_WARN_COMMA = YES;
				CLANG_WARN_CONSTANT_CONVERSION = YES;
				CLANG_WARN_DEPRECATED_OBJC_IMPLEMENTATIONS = YES;
				CLANG_WARN_DIRECT_OBJC_ISA_USAGE = YES_ERROR;
				CLANG_WARN_DOCUMENTATION_COMMENTS = YES;
				CLANG_WARN_EMPTY_BODY = YES;
				CLANG_WARN_ENUM_CONVERSION = YES;
				CLANG_WARN_INFINITE_RECURSION = YES;
				CLANG_WARN_INT_CONVERSION = YES;
				CLANG_WARN_NON_LITERAL_NULL_CONVERSION = YES;
				CLANG_WARN_OBJC_IMPLICIT_RETAIN_SELF = YES;
				CLANG_WARN_OBJC_LITERAL_CONVERSION = YES;
				CLANG_WARN_OBJC_ROOT_CLASS = YES_ERROR;
				CLANG_WARN_QUOTED_INCLUDE_IN_FRAMEWORK_HEADER = YES;
				CLANG_WARN_RANGE_LOOP_ANALYSIS = YES;
				CLANG_WARN_STRICT_PROTOTYPES = YES;
				CLANG_WARN_SUSPICIOUS_MOVE = YES;
				CLANG_WARN_UNGUARDED_AVAILABILITY = YES_AGGRESSIVE;
				CLANG_WARN_UNREACHABLE_CODE = YES;
				CLANG_WARN__DUPLICATE_METHOD_MATCH = YES;
				COPY_PHASE_STRIP = NO;
				CURRENT_PROJECT_VERSION = 1;
				DEBUG_INFORMATION_FORMAT = "dwarf-with-dsym";
				ENABLE_NS_ASSERTIONS = NO;
				ENABLE_STRICT_OBJC_MSGSEND = YES;
				GCC_C_LANGUAGE_STANDARD = gnu11;
				GCC_NO_COMMON_BLOCKS = YES;
				GCC_WARN_64_TO_32_BIT_CONVERSION = YES;
				GCC_WARN_ABOUT_RETURN_TYPE = YES_ERROR;
				GCC_WARN_UNDECLARED_SELECTOR = YES;
				GCC_WARN_UNINITIALIZED_AUTOS = YES_AGGRESSIVE;
				GCC_WARN_UNUSED_FUNCTION = YES;
				GCC_WARN_UNUSED_VARIABLE = YES;
				IPHONEOS_DEPLOYMENT_TARGET = 9.0;
				MTL_ENABLE_DEBUG_INFO = NO;
				MTL_FAST_MATH = YES;
				SDKROOT = iphoneos;
				SWIFT_COMPILATION_MODE = wholemodule;
				SWIFT_OPTIMIZATION_LEVEL = "-O";
				VALIDATE_PRODUCT = YES;
				VERSIONING_SYSTEM = "apple-generic";
				VERSION_INFO_PREFIX = "";
			};
			name = Release;
		};
		8048DD3427E866E900C22E1B /* Debug */ = {
			isa = XCBuildConfiguration;
			baseConfigurationReference = 92A93A88EE142965525200FC /* Pods-BeeJSONDemo.debug.xcconfig */;
			buildSettings = {
				ASSETCATALOG_COMPILER_APPICON_NAME = AppIcon;
				ASSETCATALOG_COMPILER_GLOBAL_ACCENT_COLOR_NAME = AccentColor;
				CODE_SIGN_STYLE = Automatic;
				CURRENT_PROJECT_VERSION = 1;
				DEVELOPMENT_TEAM = U23L64WT79;
				GENERATE_INFOPLIST_FILE = YES;
				INFOPLIST_FILE = BeeJSONDemo/Info.plist;
				INFOPLIST_KEY_UIApplicationSupportsIndirectInputEvents = YES;
				INFOPLIST_KEY_UILaunchStoryboardName = LaunchScreen;
				INFOPLIST_KEY_UISupportedInterfaceOrientations_iPad = "UIInterfaceOrientationPortrait UIInterfaceOrientationPortraitUpsideDown UIInterfaceOrientationLandscapeLeft UIInterfaceOrientationLandscapeRight";
				INFOPLIST_KEY_UISupportedInterfaceOrientations_iPhone = "UIInterfaceOrientationPortrait UIInterfaceOrientationLandscapeLeft UIInterfaceOrientationLandscapeRight";
				IPHONEOS_DEPLOYMENT_TARGET = 11.0;
				LD_RUNPATH_SEARCH_PATHS = (
					"$(inherited)",
					"@executable_path/Frameworks",
				);
				MARKETING_VERSION = 1.0;
				PRODUCT_BUNDLE_IDENTIFIER = com.snow.BeeJSONDemo;
				PRODUCT_NAME = "$(TARGET_NAME)";
				SWIFT_EMIT_LOC_STRINGS = YES;
				SWIFT_VERSION = 5.0;
				TARGETED_DEVICE_FAMILY = "1,2";
			};
			name = Debug;
		};
		8048DD3527E866E900C22E1B /* Release */ = {
			isa = XCBuildConfiguration;
			baseConfigurationReference = 98A58486D75B8B6616F41486 /* Pods-BeeJSONDemo.release.xcconfig */;
			buildSettings = {
				ASSETCATALOG_COMPILER_APPICON_NAME = AppIcon;
				ASSETCATALOG_COMPILER_GLOBAL_ACCENT_COLOR_NAME = AccentColor;
				CODE_SIGN_STYLE = Automatic;
				CURRENT_PROJECT_VERSION = 1;
				DEVELOPMENT_TEAM = U23L64WT79;
				GENERATE_INFOPLIST_FILE = YES;
				INFOPLIST_FILE = BeeJSONDemo/Info.plist;
				INFOPLIST_KEY_UIApplicationSupportsIndirectInputEvents = YES;
				INFOPLIST_KEY_UILaunchStoryboardName = LaunchScreen;
				INFOPLIST_KEY_UISupportedInterfaceOrientations_iPad = "UIInterfaceOrientationPortrait UIInterfaceOrientationPortraitUpsideDown UIInterfaceOrientationLandscapeLeft UIInterfaceOrientationLandscapeRight";
				INFOPLIST_KEY_UISupportedInterfaceOrientations_iPhone = "UIInterfaceOrientationPortrait UIInterfaceOrientationLandscapeLeft UIInterfaceOrientationLandscapeRight";
				IPHONEOS_DEPLOYMENT_TARGET = 11.0;
				LD_RUNPATH_SEARCH_PATHS = (
					"$(inherited)",
					"@executable_path/Frameworks",
				);
				MARKETING_VERSION = 1.0;
				PRODUCT_BUNDLE_IDENTIFIER = com.snow.BeeJSONDemo;
				PRODUCT_NAME = "$(TARGET_NAME)";
				SWIFT_EMIT_LOC_STRINGS = YES;
				SWIFT_VERSION = 5.0;
				TARGETED_DEVICE_FAMILY = "1,2";
			};
			name = Release;
		};
		8048DD5327E8697100C22E1B /* Debug */ = {
			isa = XCBuildConfiguration;
			baseConfigurationReference = 6CF4CF00A0EE95232D39B0D5 /* Pods-BeeJSONDemoTests.debug.xcconfig */;
			buildSettings = {
				BUNDLE_LOADER = "$(TEST_HOST)";
				CODE_SIGN_STYLE = Automatic;
				CURRENT_PROJECT_VERSION = 1;
				DEVELOPMENT_TEAM = U23L64WT79;
				GENERATE_INFOPLIST_FILE = YES;
				IPHONEOS_DEPLOYMENT_TARGET = 11.0;
				MARKETING_VERSION = 1.0;
				PRODUCT_BUNDLE_IDENTIFIER = com.snow.BeeJSONDemoTests;
				PRODUCT_NAME = "$(TARGET_NAME)";
				SWIFT_EMIT_LOC_STRINGS = NO;
				SWIFT_VERSION = 5.0;
				TARGETED_DEVICE_FAMILY = "1,2";
				TEST_HOST = "$(BUILT_PRODUCTS_DIR)/BeeJSONDemo.app/BeeJSONDemo";
			};
			name = Debug;
		};
		8048DD5427E8697100C22E1B /* Release */ = {
			isa = XCBuildConfiguration;
			baseConfigurationReference = 7776AF3174838688FAA8C709 /* Pods-BeeJSONDemoTests.release.xcconfig */;
			buildSettings = {
				BUNDLE_LOADER = "$(TEST_HOST)";
				CODE_SIGN_STYLE = Automatic;
				CURRENT_PROJECT_VERSION = 1;
				DEVELOPMENT_TEAM = U23L64WT79;
				GENERATE_INFOPLIST_FILE = YES;
				IPHONEOS_DEPLOYMENT_TARGET = 11.0;
				MARKETING_VERSION = 1.0;
				PRODUCT_BUNDLE_IDENTIFIER = com.snow.BeeJSONDemoTests;
				PRODUCT_NAME = "$(TARGET_NAME)";
				SWIFT_EMIT_LOC_STRINGS = NO;
				SWIFT_VERSION = 5.0;
				TARGETED_DEVICE_FAMILY = "1,2";
				TEST_HOST = "$(BUILT_PRODUCTS_DIR)/BeeJSONDemo.app/BeeJSONDemo";
			};
			name = Release;
		};
/* End XCBuildConfiguration section */

/* Begin XCConfigurationList section */
		8048DCE327E865A300C22E1B /* Build configuration list for PBXProject "BeeJSON" */ = {
			isa = XCConfigurationList;
			buildConfigurations = (
				8048DCFB27E865A300C22E1B /* Debug */,
				8048DCFC27E865A300C22E1B /* Release */,
			);
			defaultConfigurationIsVisible = 0;
			defaultConfigurationName = Release;
		};
		8048DD3327E866E900C22E1B /* Build configuration list for PBXNativeTarget "BeeJSONDemo" */ = {
			isa = XCConfigurationList;
			buildConfigurations = (
				8048DD3427E866E900C22E1B /* Debug */,
				8048DD3527E866E900C22E1B /* Release */,
			);
			defaultConfigurationIsVisible = 0;
			defaultConfigurationName = Release;
		};
		8048DD5227E8697100C22E1B /* Build configuration list for PBXNativeTarget "BeeJSONDemoTests" */ = {
			isa = XCConfigurationList;
			buildConfigurations = (
				8048DD5327E8697100C22E1B /* Debug */,
				8048DD5427E8697100C22E1B /* Release */,
			);
			defaultConfigurationIsVisible = 0;
			defaultConfigurationName = Release;
		};
/* End XCConfigurationList section */
	};
	rootObject = 8048DCE027E865A300C22E1B /* Project object */;
}
